// !$*UTF8*$!
{
	archiveVersion = 1;
	classes = {
	};
	objectVersion = 46;
	objects = {

/* Begin PBXBuildFile section */
		09CCFB451A3BF04A0077FF31 /* main.m in Sources */ = {isa = PBXBuildFile; fileRef = 09CCFB441A3BF04A0077FF31 /* main.m */; };
		09CCFB481A3BF04A0077FF31 /* AppDelegate.m in Sources */ = {isa = PBXBuildFile; fileRef = 09CCFB471A3BF04A0077FF31 /* AppDelegate.m */; };
		09CCFB4B1A3BF04A0077FF31 /* ViewController.m in Sources */ = {isa = PBXBuildFile; fileRef = 09CCFB4A1A3BF04A0077FF31 /* ViewController.m */; };
		09CCFB4E1A3BF04A0077FF31 /* Main.storyboard in Resources */ = {isa = PBXBuildFile; fileRef = 09CCFB4C1A3BF04A0077FF31 /* Main.storyboard */; };
		09CCFB501A3BF04A0077FF31 /* Images.xcassets in Resources */ = {isa = PBXBuildFile; fileRef = 09CCFB4F1A3BF04A0077FF31 /* Images.xcassets */; };
		09CCFB531A3BF04A0077FF31 /* LaunchScreen.xib in Resources */ = {isa = PBXBuildFile; fileRef = 09CCFB511A3BF04A0077FF31 /* LaunchScreen.xib */; };
		09CCFB5F1A3BF04A0077FF31 /* WatchKitCounterDemoTests.m in Sources */ = {isa = PBXBuildFile; fileRef = 09CCFB5E1A3BF04A0077FF31 /* WatchKitCounterDemoTests.m */; };
		09CCFB731A3BF05F0077FF31 /* InterfaceController.m in Sources */ = {isa = PBXBuildFile; fileRef = 09CCFB721A3BF05F0077FF31 /* InterfaceController.m */; };
		09CCFB761A3BF05F0077FF31 /* NotificationController.m in Sources */ = {isa = PBXBuildFile; fileRef = 09CCFB751A3BF05F0077FF31 /* NotificationController.m */; };
		09CCFB781A3BF05F0077FF31 /* Images.xcassets in Resources */ = {isa = PBXBuildFile; fileRef = 09CCFB771A3BF05F0077FF31 /* Images.xcassets */; };
		09CCFB7C1A3BF05F0077FF31 /* WatchKitCounterDemo WatchKit App.app in Resources */ = {isa = PBXBuildFile; fileRef = 09CCFB7B1A3BF05F0077FF31 /* WatchKitCounterDemo WatchKit App.app */; };
		09CCFB831A3BF05F0077FF31 /* Interface.storyboard in Resources */ = {isa = PBXBuildFile; fileRef = 09CCFB821A3BF05F0077FF31 /* Interface.storyboard */; };
		09CCFB851A3BF05F0077FF31 /* Images.xcassets in Resources */ = {isa = PBXBuildFile; fileRef = 09CCFB841A3BF05F0077FF31 /* Images.xcassets */; };
		09CCFB881A3BF05F0077FF31 /* WatchKitCounterDemo WatchKit Extension.appex in Embed App Extensions */ = {isa = PBXBuildFile; fileRef = 09CCFB6C1A3BF05E0077FF31 /* WatchKitCounterDemo WatchKit Extension.appex */; settings = {ATTRIBUTES = (RemoveHeadersOnCopy, ); }; };
/* End PBXBuildFile section */

/* Begin PBXContainerItemProxy section */
		09CCFB591A3BF04A0077FF31 /* PBXContainerItemProxy */ = {
			isa = PBXContainerItemProxy;
			containerPortal = 09CCFB371A3BF04A0077FF31 /* Project object */;
			proxyType = 1;
			remoteGlobalIDString = 09CCFB3E1A3BF04A0077FF31;
			remoteInfo = WatchKitCounterDemo;
		};
		09CCFB7D1A3BF05F0077FF31 /* PBXContainerItemProxy */ = {
			isa = PBXContainerItemProxy;
			containerPortal = 09CCFB371A3BF04A0077FF31 /* Project object */;
			proxyType = 1;
			remoteGlobalIDString = 09CCFB7A1A3BF05F0077FF31;
			remoteInfo = "WatchKitCounterDemo WatchKit App";
		};
		09CCFB861A3BF05F0077FF31 /* PBXContainerItemProxy */ = {
			isa = PBXContainerItemProxy;
			containerPortal = 09CCFB371A3BF04A0077FF31 /* Project object */;
			proxyType = 1;
			remoteGlobalIDString = 09CCFB6B1A3BF05E0077FF31;
			remoteInfo = "WatchKitCounterDemo WatchKit Extension";
		};
/* End PBXContainerItemProxy section */

/* Begin PBXCopyFilesBuildPhase section */
		09CCFB8F1A3BF05F0077FF31 /* Embed App Extensions */ = {
			isa = PBXCopyFilesBuildPhase;
			buildActionMask = 2147483647;
			dstPath = "";
			dstSubfolderSpec = 13;
			files = (
				09CCFB881A3BF05F0077FF31 /* WatchKitCounterDemo WatchKit Extension.appex in Embed App Extensions */,
			);
			name = "Embed App Extensions";
			runOnlyForDeploymentPostprocessing = 0;
		};
/* End PBXCopyFilesBuildPhase section */

/* Begin PBXFileReference section */
		09CCFB3F1A3BF04A0077FF31 /* WatchKitCounterDemo.app */ = {isa = PBXFileReference; explicitFileType = wrapper.application; includeInIndex = 0; path = WatchKitCounterDemo.app; sourceTree = BUILT_PRODUCTS_DIR; };
		09CCFB431A3BF04A0077FF31 /* Info.plist */ = {isa = PBXFileReference; lastKnownFileType = text.plist.xml; path = Info.plist; sourceTree = "<group>"; };
		09CCFB441A3BF04A0077FF31 /* main.m */ = {isa = PBXFileReference; lastKnownFileType = sourcecode.c.objc; path = main.m; sourceTree = "<group>"; };
		09CCFB461A3BF04A0077FF31 /* AppDelegate.h */ = {isa = PBXFileReference; lastKnownFileType = sourcecode.c.h; path = AppDelegate.h; sourceTree = "<group>"; };
		09CCFB471A3BF04A0077FF31 /* AppDelegate.m */ = {isa = PBXFileReference; lastKnownFileType = sourcecode.c.objc; path = AppDelegate.m; sourceTree = "<group>"; };
		09CCFB491A3BF04A0077FF31 /* ViewController.h */ = {isa = PBXFileReference; lastKnownFileType = sourcecode.c.h; path = ViewController.h; sourceTree = "<group>"; };
		09CCFB4A1A3BF04A0077FF31 /* ViewController.m */ = {isa = PBXFileReference; lastKnownFileType = sourcecode.c.objc; path = ViewController.m; sourceTree = "<group>"; };
		09CCFB4D1A3BF04A0077FF31 /* Base */ = {isa = PBXFileReference; lastKnownFileType = file.storyboard; name = Base; path = Base.lproj/Main.storyboard; sourceTree = "<group>"; };
		09CCFB4F1A3BF04A0077FF31 /* Images.xcassets */ = {isa = PBXFileReference; lastKnownFileType = folder.assetcatalog; path = Images.xcassets; sourceTree = "<group>"; };
		09CCFB521A3BF04A0077FF31 /* Base */ = {isa = PBXFileReference; lastKnownFileType = file.xib; name = Base; path = Base.lproj/LaunchScreen.xib; sourceTree = "<group>"; };
		09CCFB581A3BF04A0077FF31 /* WatchKitCounterDemoTests.xctest */ = {isa = PBXFileReference; explicitFileType = wrapper.cfbundle; includeInIndex = 0; path = WatchKitCounterDemoTests.xctest; sourceTree = BUILT_PRODUCTS_DIR; };
		09CCFB5D1A3BF04A0077FF31 /* Info.plist */ = {isa = PBXFileReference; lastKnownFileType = text.plist.xml; path = Info.plist; sourceTree = "<group>"; };
		09CCFB5E1A3BF04A0077FF31 /* WatchKitCounterDemoTests.m */ = {isa = PBXFileReference; lastKnownFileType = sourcecode.c.objc; path = WatchKitCounterDemoTests.m; sourceTree = "<group>"; };
		09CCFB6C1A3BF05E0077FF31 /* WatchKitCounterDemo WatchKit Extension.appex */ = {isa = PBXFileReference; explicitFileType = "wrapper.app-extension"; includeInIndex = 0; path = "WatchKitCounterDemo WatchKit Extension.appex"; sourceTree = BUILT_PRODUCTS_DIR; };
		09CCFB6F1A3BF05E0077FF31 /* Info.plist */ = {isa = PBXFileReference; lastKnownFileType = text.plist.xml; path = Info.plist; sourceTree = "<group>"; };
		09CCFB701A3BF05E0077FF31 /* PushNotificationPayload.apns */ = {isa = PBXFileReference; lastKnownFileType = text; path = PushNotificationPayload.apns; sourceTree = "<group>"; };
		09CCFB711A3BF05F0077FF31 /* InterfaceController.h */ = {isa = PBXFileReference; lastKnownFileType = sourcecode.c.h; path = InterfaceController.h; sourceTree = "<group>"; };
		09CCFB721A3BF05F0077FF31 /* InterfaceController.m */ = {isa = PBXFileReference; lastKnownFileType = sourcecode.c.objc; path = InterfaceController.m; sourceTree = "<group>"; };
		09CCFB741A3BF05F0077FF31 /* NotificationController.h */ = {isa = PBXFileReference; lastKnownFileType = sourcecode.c.h; path = NotificationController.h; sourceTree = "<group>"; };
		09CCFB751A3BF05F0077FF31 /* NotificationController.m */ = {isa = PBXFileReference; lastKnownFileType = sourcecode.c.objc; path = NotificationController.m; sourceTree = "<group>"; };
		09CCFB771A3BF05F0077FF31 /* Images.xcassets */ = {isa = PBXFileReference; lastKnownFileType = folder.assetcatalog; path = Images.xcassets; sourceTree = "<group>"; };
		09CCFB7B1A3BF05F0077FF31 /* WatchKitCounterDemo WatchKit App.app */ = {isa = PBXFileReference; explicitFileType = wrapper.application; includeInIndex = 0; path = "WatchKitCounterDemo WatchKit App.app"; sourceTree = BUILT_PRODUCTS_DIR; };
		09CCFB811A3BF05F0077FF31 /* Info.plist */ = {isa = PBXFileReference; lastKnownFileType = text.plist.xml; path = Info.plist; sourceTree = "<group>"; };
		09CCFB821A3BF05F0077FF31 /* Interface.storyboard */ = {isa = PBXFileReference; lastKnownFileType = file.storyboard; path = Interface.storyboard; sourceTree = "<group>"; };
		09CCFB841A3BF05F0077FF31 /* Images.xcassets */ = {isa = PBXFileReference; lastKnownFileType = folder.assetcatalog; path = Images.xcassets; sourceTree = "<group>"; };
/* End PBXFileReference section */

/* Begin PBXFrameworksBuildPhase section */
		09CCFB3C1A3BF04A0077FF31 /* Frameworks */ = {
			isa = PBXFrameworksBuildPhase;
			buildActionMask = 2147483647;
			files = (
			);
			runOnlyForDeploymentPostprocessing = 0;
		};
		09CCFB551A3BF04A0077FF31 /* Frameworks */ = {
			isa = PBXFrameworksBuildPhase;
			buildActionMask = 2147483647;
			files = (
			);
			runOnlyForDeploymentPostprocessing = 0;
		};
		09CCFB691A3BF05E0077FF31 /* Frameworks */ = {
			isa = PBXFrameworksBuildPhase;
			buildActionMask = 2147483647;
			files = (
			);
			runOnlyForDeploymentPostprocessing = 0;
		};
/* End PBXFrameworksBuildPhase section */

/* Begin PBXGroup section */
		09CCFB361A3BF04A0077FF31 = {
			isa = PBXGroup;
			children = (
				09CCFB411A3BF04A0077FF31 /* WatchKitCounterDemo */,
				09CCFB5B1A3BF04A0077FF31 /* WatchKitCounterDemoTests */,
				09CCFB6D1A3BF05E0077FF31 /* WatchKitCounterDemo WatchKit Extension */,
				09CCFB7F1A3BF05F0077FF31 /* WatchKitCounterDemo WatchKit App */,
				09CCFB401A3BF04A0077FF31 /* Products */,
			);
			sourceTree = "<group>";
		};
		09CCFB401A3BF04A0077FF31 /* Products */ = {
			isa = PBXGroup;
			children = (
				09CCFB3F1A3BF04A0077FF31 /* WatchKitCounterDemo.app */,
				09CCFB581A3BF04A0077FF31 /* WatchKitCounterDemoTests.xctest */,
				09CCFB6C1A3BF05E0077FF31 /* WatchKitCounterDemo WatchKit Extension.appex */,
				09CCFB7B1A3BF05F0077FF31 /* WatchKitCounterDemo WatchKit App.app */,
			);
			name = Products;
			sourceTree = "<group>";
		};
		09CCFB411A3BF04A0077FF31 /* WatchKitCounterDemo */ = {
			isa = PBXGroup;
			children = (
				09CCFB461A3BF04A0077FF31 /* AppDelegate.h */,
				09CCFB471A3BF04A0077FF31 /* AppDelegate.m */,
				09CCFB491A3BF04A0077FF31 /* ViewController.h */,
				09CCFB4A1A3BF04A0077FF31 /* ViewController.m */,
				09CCFB4C1A3BF04A0077FF31 /* Main.storyboard */,
				09CCFB4F1A3BF04A0077FF31 /* Images.xcassets */,
				09CCFB511A3BF04A0077FF31 /* LaunchScreen.xib */,
				09CCFB421A3BF04A0077FF31 /* Supporting Files */,
			);
			path = WatchKitCounterDemo;
			sourceTree = "<group>";
		};
		09CCFB421A3BF04A0077FF31 /* Supporting Files */ = {
			isa = PBXGroup;
			children = (
				09CCFB431A3BF04A0077FF31 /* Info.plist */,
				09CCFB441A3BF04A0077FF31 /* main.m */,
			);
			name = "Supporting Files";
			sourceTree = "<group>";
		};
		09CCFB5B1A3BF04A0077FF31 /* WatchKitCounterDemoTests */ = {
			isa = PBXGroup;
			children = (
				09CCFB5E1A3BF04A0077FF31 /* WatchKitCounterDemoTests.m */,
				09CCFB5C1A3BF04A0077FF31 /* Supporting Files */,
			);
			path = WatchKitCounterDemoTests;
			sourceTree = "<group>";
		};
		09CCFB5C1A3BF04A0077FF31 /* Supporting Files */ = {
			isa = PBXGroup;
			children = (
				09CCFB5D1A3BF04A0077FF31 /* Info.plist */,
			);
			name = "Supporting Files";
			sourceTree = "<group>";
		};
		09CCFB6D1A3BF05E0077FF31 /* WatchKitCounterDemo WatchKit Extension */ = {
			isa = PBXGroup;
			children = (
				09CCFB711A3BF05F0077FF31 /* InterfaceController.h */,
				09CCFB721A3BF05F0077FF31 /* InterfaceController.m */,
				09CCFB741A3BF05F0077FF31 /* NotificationController.h */,
				09CCFB751A3BF05F0077FF31 /* NotificationController.m */,
				09CCFB771A3BF05F0077FF31 /* Images.xcassets */,
				09CCFB6E1A3BF05E0077FF31 /* Supporting Files */,
			);
			path = "WatchKitCounterDemo WatchKit Extension";
			sourceTree = "<group>";
		};
		09CCFB6E1A3BF05E0077FF31 /* Supporting Files */ = {
			isa = PBXGroup;
			children = (
				09CCFB6F1A3BF05E0077FF31 /* Info.plist */,
				09CCFB701A3BF05E0077FF31 /* PushNotificationPayload.apns */,
			);
			name = "Supporting Files";
			sourceTree = "<group>";
		};
		09CCFB7F1A3BF05F0077FF31 /* WatchKitCounterDemo WatchKit App */ = {
			isa = PBXGroup;
			children = (
				09CCFB821A3BF05F0077FF31 /* Interface.storyboard */,
				09CCFB841A3BF05F0077FF31 /* Images.xcassets */,
				09CCFB801A3BF05F0077FF31 /* Supporting Files */,
			);
			path = "WatchKitCounterDemo WatchKit App";
			sourceTree = "<group>";
		};
		09CCFB801A3BF05F0077FF31 /* Supporting Files */ = {
			isa = PBXGroup;
			children = (
				09CCFB811A3BF05F0077FF31 /* Info.plist */,
			);
			name = "Supporting Files";
			sourceTree = "<group>";
		};
/* End PBXGroup section */

/* Begin PBXNativeTarget section */
		09CCFB3E1A3BF04A0077FF31 /* WatchKitCounterDemo */ = {
			isa = PBXNativeTarget;
			buildConfigurationList = 09CCFB621A3BF04A0077FF31 /* Build configuration list for PBXNativeTarget "WatchKitCounterDemo" */;
			buildPhases = (
				09CCFB3B1A3BF04A0077FF31 /* Sources */,
				09CCFB3C1A3BF04A0077FF31 /* Frameworks */,
				09CCFB3D1A3BF04A0077FF31 /* Resources */,
				09CCFB8F1A3BF05F0077FF31 /* Embed App Extensions */,
			);
			buildRules = (
			);
			dependencies = (
				09CCFB871A3BF05F0077FF31 /* PBXTargetDependency */,
			);
			name = WatchKitCounterDemo;
			productName = WatchKitCounterDemo;
			productReference = 09CCFB3F1A3BF04A0077FF31 /* WatchKitCounterDemo.app */;
			productType = "com.apple.product-type.application";
		};
		09CCFB571A3BF04A0077FF31 /* WatchKitCounterDemoTests */ = {
			isa = PBXNativeTarget;
			buildConfigurationList = 09CCFB651A3BF04A0077FF31 /* Build configuration list for PBXNativeTarget "WatchKitCounterDemoTests" */;
			buildPhases = (
				09CCFB541A3BF04A0077FF31 /* Sources */,
				09CCFB551A3BF04A0077FF31 /* Frameworks */,
				09CCFB561A3BF04A0077FF31 /* Resources */,
			);
			buildRules = (
			);
			dependencies = (
				09CCFB5A1A3BF04A0077FF31 /* PBXTargetDependency */,
			);
			name = WatchKitCounterDemoTests;
			productName = WatchKitCounterDemoTests;
			productReference = 09CCFB581A3BF04A0077FF31 /* WatchKitCounterDemoTests.xctest */;
			productType = "com.apple.product-type.bundle.unit-test";
		};
		09CCFB6B1A3BF05E0077FF31 /* WatchKitCounterDemo WatchKit Extension */ = {
			isa = PBXNativeTarget;
			buildConfigurationList = 09CCFB8C1A3BF05F0077FF31 /* Build configuration list for PBXNativeTarget "WatchKitCounterDemo WatchKit Extension" */;
			buildPhases = (
				09CCFB681A3BF05E0077FF31 /* Sources */,
				09CCFB691A3BF05E0077FF31 /* Frameworks */,
				09CCFB6A1A3BF05E0077FF31 /* Resources */,
			);
			buildRules = (
			);
			dependencies = (
				09CCFB7E1A3BF05F0077FF31 /* PBXTargetDependency */,
			);
			name = "WatchKitCounterDemo WatchKit Extension";
			productName = "WatchKitCounterDemo WatchKit Extension";
			productReference = 09CCFB6C1A3BF05E0077FF31 /* WatchKitCounterDemo WatchKit Extension.appex */;
			productType = "com.apple.product-type.watchkit-extension";
		};
		09CCFB7A1A3BF05F0077FF31 /* WatchKitCounterDemo WatchKit App */ = {
			isa = PBXNativeTarget;
			buildConfigurationList = 09CCFB891A3BF05F0077FF31 /* Build configuration list for PBXNativeTarget "WatchKitCounterDemo WatchKit App" */;
			buildPhases = (
				09CCFB791A3BF05F0077FF31 /* Resources */,
			);
			buildRules = (
			);
			dependencies = (
			);
			name = "WatchKitCounterDemo WatchKit App";
			productName = "WatchKitCounterDemo WatchKit App";
			productReference = 09CCFB7B1A3BF05F0077FF31 /* WatchKitCounterDemo WatchKit App.app */;
			productType = "com.apple.product-type.application.watchapp";
		};
/* End PBXNativeTarget section */

/* Begin PBXProject section */
		09CCFB371A3BF04A0077FF31 /* Project object */ = {
			isa = PBXProject;
			attributes = {
				LastUpgradeCheck = 0620;
				ORGANIZATIONNAME = "Valent Richie";
				TargetAttributes = {
					09CCFB3E1A3BF04A0077FF31 = {
						CreatedOnToolsVersion = 6.2;
					};
					09CCFB571A3BF04A0077FF31 = {
						CreatedOnToolsVersion = 6.2;
						TestTargetID = 09CCFB3E1A3BF04A0077FF31;
					};
					09CCFB6B1A3BF05E0077FF31 = {
						CreatedOnToolsVersion = 6.2;
					};
					09CCFB7A1A3BF05F0077FF31 = {
						CreatedOnToolsVersion = 6.2;
					};
				};
			};
			buildConfigurationList = 09CCFB3A1A3BF04A0077FF31 /* Build configuration list for PBXProject "WatchKitCounterDemo" */;
			compatibilityVersion = "Xcode 3.2";
			developmentRegion = English;
			hasScannedForEncodings = 0;
			knownRegions = (
				en,
				Base,
			);
			mainGroup = 09CCFB361A3BF04A0077FF31;
			productRefGroup = 09CCFB401A3BF04A0077FF31 /* Products */;
			projectDirPath = "";
			projectRoot = "";
			targets = (
				09CCFB3E1A3BF04A0077FF31 /* WatchKitCounterDemo */,
				09CCFB571A3BF04A0077FF31 /* WatchKitCounterDemoTests */,
				09CCFB6B1A3BF05E0077FF31 /* WatchKitCounterDemo WatchKit Extension */,
				09CCFB7A1A3BF05F0077FF31 /* WatchKitCounterDemo WatchKit App */,
			);
		};
/* End PBXProject section */

/* Begin PBXResourcesBuildPhase section */
		09CCFB3D1A3BF04A0077FF31 /* Resources */ = {
			isa = PBXResourcesBuildPhase;
			buildActionMask = 2147483647;
			files = (
				09CCFB4E1A3BF04A0077FF31 /* Main.storyboard in Resources */,
				09CCFB531A3BF04A0077FF31 /* LaunchScreen.xib in Resources */,
				09CCFB501A3BF04A0077FF31 /* Images.xcassets in Resources */,
			);
			runOnlyForDeploymentPostprocessing = 0;
		};
		09CCFB561A3BF04A0077FF31 /* Resources */ = {
			isa = PBXResourcesBuildPhase;
			buildActionMask = 2147483647;
			files = (
			);
			runOnlyForDeploymentPostprocessing = 0;
		};
		09CCFB6A1A3BF05E0077FF31 /* Resources */ = {
			isa = PBXResourcesBuildPhase;
			buildActionMask = 2147483647;
			files = (
				09CCFB781A3BF05F0077FF31 /* Images.xcassets in Resources */,
				09CCFB7C1A3BF05F0077FF31 /* WatchKitCounterDemo WatchKit App.app in Resources */,
			);
			runOnlyForDeploymentPostprocessing = 0;
		};
		09CCFB791A3BF05F0077FF31 /* Resources */ = {
			isa = PBXResourcesBuildPhase;
			buildActionMask = 2147483647;
			files = (
				09CCFB831A3BF05F0077FF31 /* Interface.storyboard in Resources */,
				09CCFB851A3BF05F0077FF31 /* Images.xcassets in Resources */,
			);
			runOnlyForDeploymentPostprocessing = 0;
		};
/* End PBXResourcesBuildPhase section */

/* Begin PBXSourcesBuildPhase section */
		09CCFB3B1A3BF04A0077FF31 /* Sources */ = {
			isa = PBXSourcesBuildPhase;
			buildActionMask = 2147483647;
			files = (
				09CCFB4B1A3BF04A0077FF31 /* ViewController.m in Sources */,
				09CCFB481A3BF04A0077FF31 /* AppDelegate.m in Sources */,
				09CCFB451A3BF04A0077FF31 /* main.m in Sources */,
			);
			runOnlyForDeploymentPostprocessing = 0;
		};
		09CCFB541A3BF04A0077FF31 /* Sources */ = {
			isa = PBXSourcesBuildPhase;
			buildActionMask = 2147483647;
			files = (
				09CCFB5F1A3BF04A0077FF31 /* WatchKitCounterDemoTests.m in Sources */,
			);
			runOnlyForDeploymentPostprocessing = 0;
		};
		09CCFB681A3BF05E0077FF31 /* Sources */ = {
			isa = PBXSourcesBuildPhase;
			buildActionMask = 2147483647;
			files = (
				09CCFB761A3BF05F0077FF31 /* NotificationController.m in Sources */,
				09CCFB731A3BF05F0077FF31 /* InterfaceController.m in Sources */,
			);
			runOnlyForDeploymentPostprocessing = 0;
		};
/* End PBXSourcesBuildPhase section */

/* Begin PBXTargetDependency section */
		09CCFB5A1A3BF04A0077FF31 /* PBXTargetDependency */ = {
			isa = PBXTargetDependency;
			target = 09CCFB3E1A3BF04A0077FF31 /* WatchKitCounterDemo */;
			targetProxy = 09CCFB591A3BF04A0077FF31 /* PBXContainerItemProxy */;
		};
		09CCFB7E1A3BF05F0077FF31 /* PBXTargetDependency */ = {
			isa = PBXTargetDependency;
			target = 09CCFB7A1A3BF05F0077FF31 /* WatchKitCounterDemo WatchKit App */;
			targetProxy = 09CCFB7D1A3BF05F0077FF31 /* PBXContainerItemProxy */;
		};
		09CCFB871A3BF05F0077FF31 /* PBXTargetDependency */ = {
			isa = PBXTargetDependency;
			target = 09CCFB6B1A3BF05E0077FF31 /* WatchKitCounterDemo WatchKit Extension */;
			targetProxy = 09CCFB861A3BF05F0077FF31 /* PBXContainerItemProxy */;
		};
/* End PBXTargetDependency section */

/* Begin PBXVariantGroup section */
		09CCFB4C1A3BF04A0077FF31 /* Main.storyboard */ = {
			isa = PBXVariantGroup;
			children = (
				09CCFB4D1A3BF04A0077FF31 /* Base */,
			);
			name = Main.storyboard;
			sourceTree = "<group>";
		};
		09CCFB511A3BF04A0077FF31 /* LaunchScreen.xib */ = {
			isa = PBXVariantGroup;
			children = (
				09CCFB521A3BF04A0077FF31 /* Base */,
			);
			name = LaunchScreen.xib;
			sourceTree = "<group>";
		};
/* End PBXVariantGroup section */

/* Begin XCBuildConfiguration section */
		09CCFB601A3BF04A0077FF31 /* Debug */ = {
			isa = XCBuildConfiguration;
			buildSettings = {
				ALWAYS_SEARCH_USER_PATHS = NO;
				CLANG_CXX_LANGUAGE_STANDARD = "gnu++0x";
				CLANG_CXX_LIBRARY = "libc++";
				CLANG_ENABLE_MODULES = YES;
				CLANG_ENABLE_OBJC_ARC = YES;
				CLANG_WARN_BOOL_CONVERSION = YES;
				CLANG_WARN_CONSTANT_CONVERSION = YES;
				CLANG_WARN_DIRECT_OBJC_ISA_USAGE = YES_ERROR;
				CLANG_WARN_EMPTY_BODY = YES;
				CLANG_WARN_ENUM_CONVERSION = YES;
				CLANG_WARN_INT_CONVERSION = YES;
				CLANG_WARN_OBJC_ROOT_CLASS = YES_ERROR;
				CLANG_WARN_UNREACHABLE_CODE = YES;
				CLANG_WARN__DUPLICATE_METHOD_MATCH = YES;
				"CODE_SIGN_IDENTITY[sdk=iphoneos*]" = "iPhone Developer";
				COPY_PHASE_STRIP = NO;
				ENABLE_STRICT_OBJC_MSGSEND = YES;
				GCC_C_LANGUAGE_STANDARD = gnu99;
				GCC_DYNAMIC_NO_PIC = NO;
				GCC_OPTIMIZATION_LEVEL = 0;
				GCC_PREPROCESSOR_DEFINITIONS = (
					"DEBUG=1",
					"$(inherited)",
				);
				GCC_SYMBOLS_PRIVATE_EXTERN = NO;
				GCC_WARN_64_TO_32_BIT_CONVERSION = YES;
				GCC_WARN_ABOUT_RETURN_TYPE = YES_ERROR;
				GCC_WARN_UNDECLARED_SELECTOR = YES;
				GCC_WARN_UNINITIALIZED_AUTOS = YES_AGGRESSIVE;
				GCC_WARN_UNUSED_FUNCTION = YES;
				GCC_WARN_UNUSED_VARIABLE = YES;
				IPHONEOS_DEPLOYMENT_TARGET = 8.2;
				MTL_ENABLE_DEBUG_INFO = YES;
				ONLY_ACTIVE_ARCH = YES;
				SDKROOT = iphoneos;
			};
			name = Debug;
		};
		09CCFB611A3BF04A0077FF31 /* Release */ = {
			isa = XCBuildConfiguration;
			buildSettings = {
				ALWAYS_SEARCH_USER_PATHS = NO;
				CLANG_CXX_LANGUAGE_STANDARD = "gnu++0x";
				CLANG_CXX_LIBRARY = "libc++";
				CLANG_ENABLE_MODULES = YES;
				CLANG_ENABLE_OBJC_ARC = YES;
				CLANG_WARN_BOOL_CONVERSION = YES;
				CLANG_WARN_CONSTANT_CONVERSION = YES;
				CLANG_WARN_DIRECT_OBJC_ISA_USAGE = YES_ERROR;
				CLANG_WARN_EMPTY_BODY = YES;
				CLANG_WARN_ENUM_CONVERSION = YES;
				CLANG_WARN_INT_CONVERSION = YES;
				CLANG_WARN_OBJC_ROOT_CLASS = YES_ERROR;
				CLANG_WARN_UNREACHABLE_CODE = YES;
				CLANG_WARN__DUPLICATE_METHOD_MATCH = YES;
				"CODE_SIGN_IDENTITY[sdk=iphoneos*]" = "iPhone Developer";
				COPY_PHASE_STRIP = YES;
				ENABLE_NS_ASSERTIONS = NO;
				ENABLE_STRICT_OBJC_MSGSEND = YES;
				GCC_C_LANGUAGE_STANDARD = gnu99;
				GCC_WARN_64_TO_32_BIT_CONVERSION = YES;
				GCC_WARN_ABOUT_RETURN_TYPE = YES_ERROR;
				GCC_WARN_UNDECLARED_SELECTOR = YES;
				GCC_WARN_UNINITIALIZED_AUTOS = YES_AGGRESSIVE;
				GCC_WARN_UNUSED_FUNCTION = YES;
				GCC_WARN_UNUSED_VARIABLE = YES;
				IPHONEOS_DEPLOYMENT_TARGET = 8.2;
				MTL_ENABLE_DEBUG_INFO = NO;
				SDKROOT = iphoneos;
				VALIDATE_PRODUCT = YES;
			};
			name = Release;
		};
		09CCFB631A3BF04A0077FF31 /* Debug */ = {
			isa = XCBuildConfiguration;
			buildSettings = {
				ASSETCATALOG_COMPILER_APPICON_NAME = AppIcon;
				INFOPLIST_FILE = WatchKitCounterDemo/Info.plist;
				LD_RUNPATH_SEARCH_PATHS = "$(inherited) @executable_path/Frameworks";
				PRODUCT_NAME = "$(TARGET_NAME)";
			};
			name = Debug;
		};
		09CCFB641A3BF04A0077FF31 /* Release */ = {
			isa = XCBuildConfiguration;
			buildSettings = {
				ASSETCATALOG_COMPILER_APPICON_NAME = AppIcon;
				INFOPLIST_FILE = WatchKitCounterDemo/Info.plist;
				LD_RUNPATH_SEARCH_PATHS = "$(inherited) @executable_path/Frameworks";
				PRODUCT_NAME = "$(TARGET_NAME)";
			};
			name = Release;
		};
		09CCFB661A3BF04A0077FF31 /* Debug */ = {
			isa = XCBuildConfiguration;
			buildSettings = {
				BUNDLE_LOADER = "$(TEST_HOST)";
				FRAMEWORK_SEARCH_PATHS = (
					"$(SDKROOT)/Developer/Library/Frameworks",
					"$(inherited)",
				);
				GCC_PREPROCESSOR_DEFINITIONS = (
					"DEBUG=1",
					"$(inherited)",
				);
				INFOPLIST_FILE = WatchKitCounterDemoTests/Info.plist;
				LD_RUNPATH_SEARCH_PATHS = "$(inherited) @executable_path/Frameworks @loader_path/Frameworks";
				PRODUCT_NAME = "$(TARGET_NAME)";
				TEST_HOST = "$(BUILT_PRODUCTS_DIR)/WatchKitCounterDemo.app/WatchKitCounterDemo";
			};
			name = Debug;
		};
		09CCFB671A3BF04A0077FF31 /* Release */ = {
			isa = XCBuildConfiguration;
			buildSettings = {
				BUNDLE_LOADER = "$(TEST_HOST)";
				FRAMEWORK_SEARCH_PATHS = (
					"$(SDKROOT)/Developer/Library/Frameworks",
					"$(inherited)",
				);
				INFOPLIST_FILE = WatchKitCounterDemoTests/Info.plist;
				LD_RUNPATH_SEARCH_PATHS = "$(inherited) @executable_path/Frameworks @loader_path/Frameworks";
				PRODUCT_NAME = "$(TARGET_NAME)";
				TEST_HOST = "$(BUILT_PRODUCTS_DIR)/WatchKitCounterDemo.app/WatchKitCounterDemo";
			};
			name = Release;
		};
		09CCFB8A1A3BF05F0077FF31 /* Debug */ = {
			isa = XCBuildConfiguration;
			buildSettings = {
				ASSETCATALOG_COMPILER_APPICON_NAME = AppIcon;
				ASSETCATALOG_COMPILER_LAUNCHIMAGE_NAME = LaunchImage;
				GCC_PREPROCESSOR_DEFINITIONS = (
					"DEBUG=1",
					"$(inherited)",
				);
				IBSC_MODULE = WatchKitCounterDemo_WatchKit_Extension;
				INFOPLIST_FILE = "WatchKitCounterDemo WatchKit App/Info.plist";
				PRODUCT_NAME = "$(TARGET_NAME)";
				SKIP_INSTALL = YES;
				TARGETED_DEVICE_FAMILY = 4;
				"TARGETED_DEVICE_FAMILY[sdk=iphonesimulator*]" = "1,4";
			};
			name = Debug;
		};
		09CCFB8B1A3BF05F0077FF31 /* Release */ = {
			isa = XCBuildConfiguration;
			buildSettings = {
				ASSETCATALOG_COMPILER_APPICON_NAME = AppIcon;
				ASSETCATALOG_COMPILER_LAUNCHIMAGE_NAME = LaunchImage;
				IBSC_MODULE = WatchKitCounterDemo_WatchKit_Extension;
				INFOPLIST_FILE = "WatchKitCounterDemo WatchKit App/Info.plist";
				PRODUCT_NAME = "$(TARGET_NAME)";
				SKIP_INSTALL = YES;
				TARGETED_DEVICE_FAMILY = 4;
				"TARGETED_DEVICE_FAMILY[sdk=iphonesimulator*]" = "1,4";
			};
			name = Release;
		};
		09CCFB8D1A3BF05F0077FF31 /* Debug */ = {
			isa = XCBuildConfiguration;
			buildSettings = {
				GCC_PREPROCESSOR_DEFINITIONS = (
					"DEBUG=1",
					"$(inherited)",
				);
				INFOPLIST_FILE = "WatchKitCounterDemo WatchKit Extension/Info.plist";
				LD_RUNPATH_SEARCH_PATHS = "$(inherited) @executable_path/Frameworks @executable_path/../../Frameworks";
				PRODUCT_NAME = "${TARGET_NAME}";
				SKIP_INSTALL = YES;
			};
			name = Debug;
		};
		09CCFB8E1A3BF05F0077FF31 /* Release */ = {
			isa = XCBuildConfiguration;
			buildSettings = {
				INFOPLIST_FILE = "WatchKitCounterDemo WatchKit Extension/Info.plist";
				LD_RUNPATH_SEARCH_PATHS = "$(inherited) @executable_path/Frameworks @executable_path/../../Frameworks";
				PRODUCT_NAME = "${TARGET_NAME}";
				SKIP_INSTALL = YES;
			};
			name = Release;
		};
/* End XCBuildConfiguration section */

/* Begin XCConfigurationList section */
		09CCFB3A1A3BF04A0077FF31 /* Build configuration list for PBXProject "WatchKitCounterDemo" */ = {
			isa = XCConfigurationList;
			buildConfigurations = (
				09CCFB601A3BF04A0077FF31 /* Debug */,
				09CCFB611A3BF04A0077FF31 /* Release */,
			);
			defaultConfigurationIsVisible = 0;
			defaultConfigurationName = Release;
		};
		09CCFB621A3BF04A0077FF31 /* Build configuration list for PBXNativeTarget "WatchKitCounterDemo" */ = {
			isa = XCConfigurationList;
			buildConfigurations = (
				09CCFB631A3BF04A0077FF31 /* Debug */,
				09CCFB641A3BF04A0077FF31 /* Release */,
			);
			defaultConfigurationIsVisible = 0;
		};
		09CCFB651A3BF04A0077FF31 /* Build configuration list for PBXNativeTarget "WatchKitCounterDemoTests" */ = {
			isa = XCConfigurationList;
			buildConfigurations = (
				09CCFB661A3BF04A0077FF31 /* Debug */,
				09CCFB671A3BF04A0077FF31 /* Release */,
			);
			defaultConfigurationIsVisible = 0;
		};
		09CCFB891A3BF05F0077FF31 /* Build configuration list for PBXNativeTarget "WatchKitCounterDemo WatchKit App" */ = {
			isa = XCConfigurationList;
			buildConfigurations = (
				09CCFB8A1A3BF05F0077FF31 /* Debug */,
				09CCFB8B1A3BF05F0077FF31 /* Release */,
			);
			defaultConfigurationIsVisible = 0;
		};
		09CCFB8C1A3BF05F0077FF31 /* Build configuration list for PBXNativeTarget "WatchKitCounterDemo WatchKit Extension" */ = {
			isa = XCConfigurationList;
			buildConfigurations = (
				09CCFB8D1A3BF05F0077FF31 /* Debug */,
				09CCFB8E1A3BF05F0077FF31 /* Release */,
			);
			defaultConfigurationIsVisible = 0;
		};
/* End XCConfigurationList section */
	};
	rootObject = 09CCFB371A3BF04A0077FF31 /* Project object */;
}
